// !$*UTF8*$!
{
	archiveVersion = 1;
	classes = {
	};
	objectVersion = 77;
	objects = {

/* Begin PBXBuildFile section */
		20270C1297D0713CEF8B21AA /* SettingsStore.swift in Sources */ = {isa = PBXBuildFile; fileRef = B3877766BC91D7AF3A75D474 /* SettingsStore.swift */; };
		328BBB7136DC80527F2ECA0E /* BundledPython in Resources */ = {isa = PBXBuildFile; fileRef = 16DC1C167B879C17A14803AC /* BundledPython */; };
		3FBF1736D6605B66E672818F /* AppRuntime.swift in Sources */ = {isa = PBXBuildFile; fileRef = 957DAB38D1C1CB2186AA484E /* AppRuntime.swift */; };
		4B19525983BA27B79692B45B /* MacShapearatorApp.swift in Sources */ = {isa = PBXBuildFile; fileRef = FBA7DE5235DC4425E7DC9929 /* MacShapearatorApp.swift */; };
		56E3E6AB5C59B83065CF4D18 /* BridgeRunner.swift in Sources */ = {isa = PBXBuildFile; fileRef = 089793E0AE53A9D16B0F58BF /* BridgeRunner.swift */; };
		9359B7532D6B5199312D79EE /* BundledBackend in Resources */ = {isa = PBXBuildFile; fileRef = 160595AD49ADCB3C8CE9A800 /* BundledBackend */; };
		93E73E17B0972E293B9F2CD4 /* Assets.xcassets in Resources */ = {isa = PBXBuildFile; fileRef = D6B62472B0A794BF21FC6683 /* Assets.xcassets */; };
		9E3419948BBF06E65D3B5FE3 /* ExtractionBridge.swift in Sources */ = {isa = PBXBuildFile; fileRef = B6BED9ECB0A5D8334C3B9BDA /* ExtractionBridge.swift */; };
		A6E9D5108D4E08EBC16CC8CE /* RootView.swift in Sources */ = {isa = PBXBuildFile; fileRef = 5F56695D819E9C0537F74BA9 /* RootView.swift */; };
		B562BADEB76A32A8A523C0C4 /* Scripts in Resources */ = {isa = PBXBuildFile; fileRef = 7976261233541FCC30FCF57E /* Scripts */; };
		C0E91C43EDD438056ECBAB0E /* WorkspaceView.swift in Sources */ = {isa = PBXBuildFile; fileRef = 04109EA544128713FE0CAEF3 /* WorkspaceView.swift */; };
		C23C90849F0755C2FF2FF02C /* IconVariants in Resources */ = {isa = PBXBuildFile; fileRef = 533B8EF8715D5D3B37488FC6 /* IconVariants */; };
		CC8570C916E6D9F29AD149AD /* SettingsView.swift in Sources */ = {isa = PBXBuildFile; fileRef = D59B406E733DC15224076183 /* SettingsView.swift */; };
		D7095DEBE3376E254ACDA76C /* ModelRuntimeViewModel.swift in Sources */ = {isa = PBXBuildFile; fileRef = AC48212DC3C69303C2F9815C /* ModelRuntimeViewModel.swift */; };
		E4E86E3B429CAD91ED0C2E2D /* BundledBin in Resources */ = {isa = PBXBuildFile; fileRef = 963981BE67C5E95C33C1AE69 /* BundledBin */; };
		E7C3EF5420FBD52B105A6BF3 /* ThirdParty in Resources */ = {isa = PBXBuildFile; fileRef = 85453E12279C208B05B26851 /* ThirdParty */; };
		E7FBA1937BFFF92EA5DF5ED5 /* Models.swift in Sources */ = {isa = PBXBuildFile; fileRef = CEA13BA13B9DE81F33B5D01E /* Models.swift */; };
/* End PBXBuildFile section */

/* Begin PBXFileReference section */
		04109EA544128713FE0CAEF3 /* WorkspaceView.swift */ = {isa = PBXFileReference; lastKnownFileType = sourcecode.swift; path = WorkspaceView.swift; sourceTree = "<group>"; };
		089793E0AE53A9D16B0F58BF /* BridgeRunner.swift */ = {isa = PBXFileReference; lastKnownFileType = sourcecode.swift; path = BridgeRunner.swift; sourceTree = "<group>"; };
		160595AD49ADCB3C8CE9A800 /* BundledBackend */ = {isa = PBXFileReference; lastKnownFileType = folder; name = BundledBackend; path = Resources/BundledBackend; sourceTree = SOURCE_ROOT; };
		16DC1C167B879C17A14803AC /* BundledPython */ = {isa = PBXFileReference; lastKnownFileType = folder; name = BundledPython; path = Resources/BundledPython; sourceTree = SOURCE_ROOT; };
		1ACFBDDDE2F133F498986C06 /* MacShapearator.app */ = {isa = PBXFileReference; explicitFileType = wrapper.application; includeInIndex = 0; path = MacShapearator.app; sourceTree = BUILT_PRODUCTS_DIR; };
		533B8EF8715D5D3B37488FC6 /* IconVariants */ = {isa = PBXFileReference; lastKnownFileType = folder; name = IconVariants; path = Resources/IconVariants; sourceTree = SOURCE_ROOT; };
		5F56695D819E9C0537F74BA9 /* RootView.swift */ = {isa = PBXFileReference; lastKnownFileType = sourcecode.swift; path = RootView.swift; sourceTree = "<group>"; };
		7976261233541FCC30FCF57E /* Scripts */ = {isa = PBXFileReference; lastKnownFileType = folder; name = Scripts; path = Resources/Scripts; sourceTree = SOURCE_ROOT; };
		85453E12279C208B05B26851 /* ThirdParty */ = {isa = PBXFileReference; lastKnownFileType = folder; name = ThirdParty; path = Resources/ThirdParty; sourceTree = SOURCE_ROOT; };
		957DAB38D1C1CB2186AA484E /* AppRuntime.swift */ = {isa = PBXFileReference; lastKnownFileType = sourcecode.swift; path = AppRuntime.swift; sourceTree = "<group>"; };
		963981BE67C5E95C33C1AE69 /* BundledBin */ = {isa = PBXFileReference; lastKnownFileType = folder; name = BundledBin; path = Resources/BundledBin; sourceTree = SOURCE_ROOT; };
		AC48212DC3C69303C2F9815C /* ModelRuntimeViewModel.swift */ = {isa = PBXFileReference; lastKnownFileType = sourcecode.swift; path = ModelRuntimeViewModel.swift; sourceTree = "<group>"; };
		B3877766BC91D7AF3A75D474 /* SettingsStore.swift */ = {isa = PBXFileReference; lastKnownFileType = sourcecode.swift; path = SettingsStore.swift; sourceTree = "<group>"; };
		B6BED9ECB0A5D8334C3B9BDA /* ExtractionBridge.swift */ = {isa = PBXFileReference; lastKnownFileType = sourcecode.swift; path = ExtractionBridge.swift; sourceTree = "<group>"; };
		CEA13BA13B9DE81F33B5D01E /* Models.swift */ = {isa = PBXFileReference; lastKnownFileType = sourcecode.swift; path = Models.swift; sourceTree = "<group>"; };
		D59B406E733DC15224076183 /* SettingsView.swift */ = {isa = PBXFileReference; lastKnownFileType = sourcecode.swift; path = SettingsView.swift; sourceTree = "<group>"; };
		D6B62472B0A794BF21FC6683 /* Assets.xcassets */ = {isa = PBXFileReference; lastKnownFileType = folder.assetcatalog; path = Assets.xcassets; sourceTree = "<group>"; };
		FBA7DE5235DC4425E7DC9929 /* MacShapearatorApp.swift */ = {isa = PBXFileReference; lastKnownFileType = sourcecode.swift; path = MacShapearatorApp.swift; sourceTree = "<group>"; };
/* End PBXFileReference section */

/* Begin PBXGroup section */
		11DBDB6B44D7E1A44734D2DE /* MacShapearator */ = {
			isa = PBXGroup;
			children = (
				957DAB38D1C1CB2186AA484E /* AppRuntime.swift */,
				089793E0AE53A9D16B0F58BF /* BridgeRunner.swift */,
				B6BED9ECB0A5D8334C3B9BDA /* ExtractionBridge.swift */,
				FBA7DE5235DC4425E7DC9929 /* MacShapearatorApp.swift */,
				AC48212DC3C69303C2F9815C /* ModelRuntimeViewModel.swift */,
				CEA13BA13B9DE81F33B5D01E /* Models.swift */,
				5F56695D819E9C0537F74BA9 /* RootView.swift */,
				B3877766BC91D7AF3A75D474 /* SettingsStore.swift */,
				D59B406E733DC15224076183 /* SettingsView.swift */,
				04109EA544128713FE0CAEF3 /* WorkspaceView.swift */,
			);
			name = MacShapearator;
			path = Sources/MacShapearator;
			sourceTree = "<group>";
		};
		8FCF5C2E2E2A4246DD066612 /* Resources */ = {
			isa = PBXGroup;
			children = (
				D6B62472B0A794BF21FC6683 /* Assets.xcassets */,
			);
			path = Resources;
			sourceTree = "<group>";
		};
		AD129DBC3C5C0720402A9BC9 /* Products */ = {
			isa = PBXGroup;
			children = (
				1ACFBDDDE2F133F498986C06 /* MacShapearator.app */,
			);
			name = Products;
			sourceTree = "<group>";
		};
		C28D27DA5963F04F9A2A2D2B = {
			isa = PBXGroup;
			children = (
				160595AD49ADCB3C8CE9A800 /* BundledBackend */,
				963981BE67C5E95C33C1AE69 /* BundledBin */,
				16DC1C167B879C17A14803AC /* BundledPython */,
				533B8EF8715D5D3B37488FC6 /* IconVariants */,
				7976261233541FCC30FCF57E /* Scripts */,
				85453E12279C208B05B26851 /* ThirdParty */,
				11DBDB6B44D7E1A44734D2DE /* MacShapearator */,
				8FCF5C2E2E2A4246DD066612 /* Resources */,
				AD129DBC3C5C0720402A9BC9 /* Products */,
			);
			sourceTree = "<group>";
		};
/* End PBXGroup section */

/* Begin PBXNativeTarget section */
		5ED3B549FC9EF22AA2899581 /* MacShapearator */ = {
			isa = PBXNativeTarget;
			buildConfigurationList = DBB479BB5D44D4435B6D174B /* Build configuration list for PBXNativeTarget "MacShapearator" */;
			buildPhases = (
				A9C15A4E43442A744D1BEFFD /* Sources */,
				7765E6229B2A92B69914CA26 /* Resources */,
			);
			buildRules = (
			);
			dependencies = (
			);
			name = MacShapearator;
			packageProductDependencies = (
			);
			productName = MacShapearator;
			productReference = 1ACFBDDDE2F133F498986C06 /* MacShapearator.app */;
			productType = "com.apple.product-type.application";
		};
/* End PBXNativeTarget section */

/* Begin PBXProject section */
		40BF25762541BFA9964AE709 /* Project object */ = {
			isa = PBXProject;
			attributes = {
				BuildIndependentTargetsInParallel = YES;
				LastUpgradeCheck = 1430;
				TargetAttributes = {
				};
			};
			buildConfigurationList = C505FB7FCC5EF4998514AB5E /* Build configuration list for PBXProject "MacShapearator" */;
			developmentRegion = en;
			hasScannedForEncodings = 0;
			knownRegions = (
				Base,
				en,
			);
			mainGroup = C28D27DA5963F04F9A2A2D2B;
			minimizedProjectReferenceProxies = 1;
			preferredProjectObjectVersion = 77;
			productRefGroup = AD129DBC3C5C0720402A9BC9 /* Products */;
			projectDirPath = "";
			projectRoot = "";
			targets = (
				5ED3B549FC9EF22AA2899581 /* MacShapearator */,
			);
		};
/* End PBXProject section */

/* Begin PBXResourcesBuildPhase section */
		7765E6229B2A92B69914CA26 /* Resources */ = {
			isa = PBXResourcesBuildPhase;
			buildActionMask = 2147483647;
			files = (
				93E73E17B0972E293B9F2CD4 /* Assets.xcassets in Resources */,
				9359B7532D6B5199312D79EE /* BundledBackend in Resources */,
				E4E86E3B429CAD91ED0C2E2D /* BundledBin in Resources */,
				328BBB7136DC80527F2ECA0E /* BundledPython in Resources */,
				C23C90849F0755C2FF2FF02C /* IconVariants in Resources */,
				B562BADEB76A32A8A523C0C4 /* Scripts in Resources */,
				E7C3EF5420FBD52B105A6BF3 /* ThirdParty in Resources */,
			);
			runOnlyForDeploymentPostprocessing = 0;
		};
/* End PBXResourcesBuildPhase section */

/* Begin PBXSourcesBuildPhase section */
		A9C15A4E43442A744D1BEFFD /* Sources */ = {
			isa = PBXSourcesBuildPhase;
			buildActionMask = 2147483647;
			files = (
				3FBF1736D6605B66E672818F /* AppRuntime.swift in Sources */,
				56E3E6AB5C59B83065CF4D18 /* BridgeRunner.swift in Sources */,
				9E3419948BBF06E65D3B5FE3 /* ExtractionBridge.swift in Sources */,
				4B19525983BA27B79692B45B /* MacShapearatorApp.swift in Sources */,
				D7095DEBE3376E254ACDA76C /* ModelRuntimeViewModel.swift in Sources */,
				E7FBA1937BFFF92EA5DF5ED5 /* Models.swift in Sources */,
				A6E9D5108D4E08EBC16CC8CE /* RootView.swift in Sources */,
				20270C1297D0713CEF8B21AA /* SettingsStore.swift in Sources */,
				CC8570C916E6D9F29AD149AD /* SettingsView.swift in Sources */,
				C0E91C43EDD438056ECBAB0E /* WorkspaceView.swift in Sources */,
			);
			runOnlyForDeploymentPostprocessing = 0;
		};
/* End PBXSourcesBuildPhase section */

/* Begin XCBuildConfiguration section */
		9E3801A26FF3211AFB9A0F72 /* Debug */ = {
			isa = XCBuildConfiguration;
			buildSettings = {
				ASSETCATALOG_COMPILER_APPICON_NAME = AppIcon;
				COMBINE_HIDPI_IMAGES = YES;
				INFOPLIST_FILE = Resources/ThirdParty/Inkscape.app/Contents/Frameworks/Python.framework/Versions/3.10/Resources/Python.app/Contents/Info.plist;
				INFOPLIST_KEY_CFBundleDisplayName = MacShapearator;
				INFOPLIST_KEY_LSApplicationCategoryType = "public.app-category.graphics-design";
				INFOPLIST_KEY_NSDesktopFolderUsageDescription = "MacShapearator needs access to read icon sheets from your Desktop and write extracted icons there.";
				INFOPLIST_KEY_NSDocumentsFolderUsageDescription = "MacShapearator needs access to read icon sheets from your Documents and write extracted icons there.";
				INFOPLIST_KEY_NSDownloadsFolderUsageDescription = "MacShapearator needs access to read icon sheets from your Downloads and write extracted icons there.";
				INFOPLIST_KEY_NSHighResolutionCapable = YES;
				INFOPLIST_KEY_NSHumanReadableCopyright = Tsevis;
				INFOPLIST_KEY_NSRemovableVolumesUsageDescription = "MacShapearator needs access to read icon sheets from external volumes and write extracted icons there.";
				LD_RUNPATH_SEARCH_PATHS = (
					"$(inherited)",
					"@executable_path/../Frameworks",
				);
				PRODUCT_NAME = MacShapearator;
				SDKROOT = macosx;
			};
			name = Debug;
		};
		D3511D7A6190F0A968AB1B87 /* Debug */ = {
			isa = XCBuildConfiguration;
			buildSettings = {
				ALWAYS_SEARCH_USER_PATHS = NO;
				CLANG_ANALYZER_NONNULL = YES;
				CLANG_ANALYZER_NUMBER_OBJECT_CONVERSION = YES_AGGRESSIVE;
				CLANG_CXX_LANGUAGE_STANDARD = "gnu++14";
				CLANG_CXX_LIBRARY = "libc++";
				CLANG_ENABLE_MODULES = YES;
				CLANG_ENABLE_OBJC_ARC = YES;
				CLANG_ENABLE_OBJC_WEAK = YES;
				CLANG_WARN_BLOCK_CAPTURE_AUTORELEASING = YES;
				CLANG_WARN_BOOL_CONVERSION = YES;
				CLANG_WARN_COMMA = YES;
				CLANG_WARN_CONSTANT_CONVERSION = YES;
				CLANG_WARN_DEPRECATED_OBJC_IMPLEMENTATIONS = YES;
				CLANG_WARN_DIRECT_OBJC_ISA_USAGE = YES_ERROR;
				CLANG_WARN_DOCUMENTATION_COMMENTS = YES;
				CLANG_WARN_EMPTY_BODY = YES;
				CLANG_WARN_ENUM_CONVERSION = YES;
				CLANG_WARN_INFINITE_RECURSION = YES;
				CLANG_WARN_INT_CONVERSION = YES;
				CLANG_WARN_NON_LITERAL_NULL_CONVERSION = YES;
				CLANG_WARN_OBJC_IMPLICIT_RETAIN_SELF = YES;
				CLANG_WARN_OBJC_LITERAL_CONVERSION = YES;
				CLANG_WARN_OBJC_ROOT_CLASS = YES_ERROR;
				CLANG_WARN_QUOTED_INCLUDE_IN_FRAMEWORK_HEADER = YES;
				CLANG_WARN_RANGE_LOOP_ANALYSIS = YES;
				CLANG_WARN_STRICT_PROTOTYPES = YES;
				CLANG_WARN_SUSPICIOUS_MOVE = YES;
				CLANG_WARN_UNGUARDED_AVAILABILITY = YES_AGGRESSIVE;
				CLANG_WARN_UNREACHABLE_CODE = YES;
				CLANG_WARN__DUPLICATE_METHOD_MATCH = YES;
				CODE_SIGNING_ALLOWED = NO;
				CODE_SIGNING_REQUIRED = NO;
				COPY_PHASE_STRIP = NO;
				DEBUG_INFORMATION_FORMAT = dwarf;
				ENABLE_STRICT_OBJC_MSGSEND = YES;
				ENABLE_TESTABILITY = YES;
				GCC_C_LANGUAGE_STANDARD = gnu11;
				GCC_DYNAMIC_NO_PIC = NO;
				GCC_NO_COMMON_BLOCKS = YES;
				GCC_OPTIMIZATION_LEVEL = 0;
				GCC_PREPROCESSOR_DEFINITIONS = (
					"$(inherited)",
					"DEBUG=1",
				);
				GCC_WARN_64_TO_32_BIT_CONVERSION = YES;
				GCC_WARN_ABOUT_RETURN_TYPE = YES_ERROR;
				GCC_WARN_UNDECLARED_SELECTOR = YES;
				GCC_WARN_UNINITIALIZED_AUTOS = YES_AGGRESSIVE;
				GCC_WARN_UNUSED_FUNCTION = YES;
				GCC_WARN_UNUSED_VARIABLE = YES;
				GENERATE_INFOPLIST_FILE = YES;
				MACOSX_DEPLOYMENT_TARGET = 13.0;
				MTL_ENABLE_DEBUG_INFO = INCLUDE_SOURCE;
				MTL_FAST_MATH = YES;
				ONLY_ACTIVE_ARCH = YES;
				PRODUCT_BUNDLE_IDENTIFIER = com.tsevis.MacShapearator;
				PRODUCT_NAME = "$(TARGET_NAME)";
				SDKROOT = macosx;
				SWIFT_ACTIVE_COMPILATION_CONDITIONS = DEBUG;
				SWIFT_OPTIMIZATION_LEVEL = "-Onone";
				SWIFT_VERSION = 5.9;
			};
			name = Debug;
		};
		E470E1071AD1BACCD17F50C8 /* Release */ = {
			isa = XCBuildConfiguration;
			buildSettings = {
				ALWAYS_SEARCH_USER_PATHS = NO;
				CLANG_ANALYZER_NONNULL = YES;
				CLANG_ANALYZER_NUMBER_OBJECT_CONVERSION = YES_AGGRESSIVE;
				CLANG_CXX_LANGUAGE_STANDARD = "gnu++14";
				CLANG_CXX_LIBRARY = "libc++";
				CLANG_ENABLE_MODULES = YES;
				CLANG_ENABLE_OBJC_ARC = YES;
				CLANG_ENABLE_OBJC_WEAK = YES;
				CLANG_WARN_BLOCK_CAPTURE_AUTORELEASING = YES;
				CLANG_WARN_BOOL_CONVERSION = YES;
				CLANG_WARN_COMMA = YES;
				CLANG_WARN_CONSTANT_CONVERSION = YES;
				CLANG_WARN_DEPRECATED_OBJC_IMPLEMENTATIONS = YES;
				CLANG_WARN_DIRECT_OBJC_ISA_USAGE = YES_ERROR;
				CLANG_WARN_DOCUMENTATION_COMMENTS = YES;
				CLANG_WARN_EMPTY_BODY = YES;
				CLANG_WARN_ENUM_CONVERSION = YES;
				CLANG_WARN_INFINITE_RECURSION = YES;
				CLANG_WARN_INT_CONVERSION = YES;
				CLANG_WARN_NON_LITERAL_NULL_CONVERSION = YES;
				CLANG_WARN_OBJC_IMPLICIT_RETAIN_SELF = YES;
				CLANG_WARN_OBJC_LITERAL_CONVERSION = YES;
				CLANG_WARN_OBJC_ROOT_CLASS = YES_ERROR;
				CLANG_WARN_QUOTED_INCLUDE_IN_FRAMEWORK_HEADER = YES;
				CLANG_WARN_RANGE_LOOP_ANALYSIS = YES;
				CLANG_WARN_STRICT_PROTOTYPES = YES;
				CLANG_WARN_SUSPICIOUS_MOVE = YES;
				CLANG_WARN_UNGUARDED_AVAILABILITY = YES_AGGRESSIVE;
				CLANG_WARN_UNREACHABLE_CODE = YES;
				CLANG_WARN__DUPLICATE_METHOD_MATCH = YES;
				CODE_SIGNING_ALLOWED = NO;
				CODE_SIGNING_REQUIRED = NO;
				COPY_PHASE_STRIP = NO;
				DEBUG_INFORMATION_FORMAT = "dwarf-with-dsym";
				ENABLE_NS_ASSERTIONS = NO;
				ENABLE_STRICT_OBJC_MSGSEND = YES;
				GCC_C_LANGUAGE_STANDARD = gnu11;
				GCC_NO_COMMON_BLOCKS = YES;
				GCC_WARN_64_TO_32_BIT_CONVERSION = YES;
				GCC_WARN_ABOUT_RETURN_TYPE = YES_ERROR;
				GCC_WARN_UNDECLARED_SELECTOR = YES;
				GCC_WARN_UNINITIALIZED_AUTOS = YES_AGGRESSIVE;
				GCC_WARN_UNUSED_FUNCTION = YES;
				GCC_WARN_UNUSED_VARIABLE = YES;
				GENERATE_INFOPLIST_FILE = YES;
				MACOSX_DEPLOYMENT_TARGET = 13.0;
				MTL_ENABLE_DEBUG_INFO = NO;
				MTL_FAST_MATH = YES;
				PRODUCT_BUNDLE_IDENTIFIER = com.tsevis.MacShapearator;
				PRODUCT_NAME = "$(TARGET_NAME)";
				SDKROOT = macosx;
				SWIFT_COMPILATION_MODE = wholemodule;
				SWIFT_OPTIMIZATION_LEVEL = "-O";
				SWIFT_VERSION = 5.9;
			};
			name = Release;
		};
		FF57A07C6D31D6723B887E7D /* Release */ = {
			isa = XCBuildConfiguration;
			buildSettings = {
				ASSETCATALOG_COMPILER_APPICON_NAME = AppIcon;
				COMBINE_HIDPI_IMAGES = YES;
				INFOPLIST_FILE = Resources/ThirdParty/Inkscape.app/Contents/Frameworks/Python.framework/Versions/3.10/Resources/Python.app/Contents/Info.plist;
				INFOPLIST_KEY_CFBundleDisplayName = MacShapearator;
				INFOPLIST_KEY_LSApplicationCategoryType = "public.app-category.graphics-design";
				INFOPLIST_KEY_NSDesktopFolderUsageDescription = "MacShapearator needs access to read icon sheets from your Desktop and write extracted icons there.";
				INFOPLIST_KEY_NSDocumentsFolderUsageDescription = "MacShapearator needs access to read icon sheets from your Documents and write extracted icons there.";
				INFOPLIST_KEY_NSDownloadsFolderUsageDescription = "MacShapearator needs access to read icon sheets from your Downloads and write extracted icons there.";
				INFOPLIST_KEY_NSHighResolutionCapable = YES;
				INFOPLIST_KEY_NSHumanReadableCopyright = Tsevis;
				INFOPLIST_KEY_NSRemovableVolumesUsageDescription = "MacShapearator needs access to read icon sheets from external volumes and write extracted icons there.";
				LD_RUNPATH_SEARCH_PATHS = (
					"$(inherited)",
					"@executable_path/../Frameworks",
				);
				PRODUCT_NAME = MacShapearator;
				SDKROOT = macosx;
			};
			name = Release;
		};
/* End XCBuildConfiguration section */

/* Begin XCConfigurationList section */
		C505FB7FCC5EF4998514AB5E /* Build configuration list for PBXProject "MacShapearator" */ = {
			isa = XCConfigurationList;
			buildConfigurations = (
				D3511D7A6190F0A968AB1B87 /* Debug */,
				E470E1071AD1BACCD17F50C8 /* Release */,
			);
			defaultConfigurationIsVisible = 0;
			defaultConfigurationName = Debug;
		};
		DBB479BB5D44D4435B6D174B /* Build configuration list for PBXNativeTarget "MacShapearator" */ = {
			isa = XCConfigurationList;
			buildConfigurations = (
				9E3801A26FF3211AFB9A0F72 /* Debug */,
				FF57A07C6D31D6723B887E7D /* Release */,
			);
			defaultConfigurationIsVisible = 0;
			defaultConfigurationName = Debug;
		};
/* End XCConfigurationList section */
	};
	rootObject = 40BF25762541BFA9964AE709 /* Project object */;
}
